
Microsoft Visual Studio Solution File, Format Version 12.00
# Visual Studio Version 17
VisualStudioVersion = 17.0.31903.59
MinimumVisualStudioVersion = 10.0.40219.1
Project("{FAE04EC0-301F-11D3-BF4B-00C04F79EFBC}") = "LevenshteinDistance", "LevenshteinDistance\LevenshteinDistance.csproj", "{AD31146C-60E3-4ACC-86F7-DEFA4A39D0BB}"
EndProject
Project("{FAE04EC0-301F-11D3-BF4B-00C04F79EFBC}") = "LevenshteinDistance.Tests", "LevenshteinDistance.Tests\LevenshteinDistance.Tests.csproj", "{68FD1979-B95B-44F0-98D3-83EBD98E8915}"
EndProject
Global
	GlobalSection(SolutionConfigurationPlatforms) = preSolution
		Debug|Any CPU = Debug|Any CPU
		Release|Any CPU = Release|Any CPU
	EndGlobalSection
	GlobalSection(SolutionProperties) = preSolution
		HideSolutionNode = FALSE
	EndGlobalSection
	GlobalSection(ProjectConfigurationPlatforms) = postSolution
		{AD31146C-60E3-4ACC-86F7-DEFA4A39D0BB}.Debug|Any CPU.ActiveCfg = Debug|Any CPU
		{AD31146C-60E3-4ACC-86F7-DEFA4A39D0BB}.Debug|Any CPU.Build.0 = Debug|Any CPU
		{AD31146C-60E3-4ACC-86F7-DEFA4A39D0BB}.Release|Any CPU.ActiveCfg = Release|Any CPU
		{AD31146C-60E3-4ACC-86F7-DEFA4A39D0BB}.Release|Any CPU.Build.0 = Release|Any CPU
		{68FD1979-B95B-44F0-98D3-83EBD98E8915}.Debug|Any CPU.ActiveCfg = Debug|Any CPU
		{68FD1979-B95B-44F0-98D3-83EBD98E8915}.Debug|Any CPU.Build.0 = Debug|Any CPU
		{68FD1979-B95B-44F0-98D3-83EBD98E8915}.Release|Any CPU.ActiveCfg = Release|Any CPU
		{68FD1979-B95B-44F0-98D3-83EBD98E8915}.Release|Any CPU.Build.0 = Release|Any CPU
	EndGlobalSection
EndGlobal
